
Microsoft Visual Studio Solution File, Format Version 12.00
# Visual Studio Version 16
VisualStudioVersion = 16.6.30114.105
MinimumVisualStudioVersion = 10.0.40219.1
Project("{FAE04EC0-301F-11D3-BF4B-00C04F79EFBC}") = "API", "API\API.csproj", "{03549DDB-020E-4053-9DCB-72FE6EC437BB}"
EndProject
Project("{FAE04EC0-301F-11D3-BF4B-00C04F79EFBC}") = "Application", "Application\Application.csproj", "{6C9084DD-A056-4189-9DAC-668F5763EDF7}"
EndProject
Project("{FAE04EC0-301F-11D3-BF4B-00C04F79EFBC}") = "Persistence", "Persistence\Persistence.csproj", "{0272D461-2EC2-4F4C-AD0B-A65FD0A7F83C}"
EndProject
Project("{FAE04EC0-301F-11D3-BF4B-00C04F79EFBC}") = "Domain", "Domain\Domain.csproj", "{85A6D755-7EF7-477E-BF93-2F340F53C486}"
EndProject
Global
	GlobalSection(SolutionConfigurationPlatforms) = preSolution
		Debug|Any CPU = Debug|Any CPU
		Debug|x64 = Debug|x64
		Debug|x86 = Debug|x86
		Release|Any CPU = Release|Any CPU
		Release|x64 = Release|x64
		Release|x86 = Release|x86
	EndGlobalSection
	GlobalSection(SolutionProperties) = preSolution
		HideSolutionNode = FALSE
	EndGlobalSection
	GlobalSection(ProjectConfigurationPlatforms) = postSolution
		{03549DDB-020E-4053-9DCB-72FE6EC437BB}.Debug|Any CPU.ActiveCfg = Debug|Any CPU
		{03549DDB-020E-4053-9DCB-72FE6EC437BB}.Debug|Any CPU.Build.0 = Debug|Any CPU
		{03549DDB-020E-4053-9DCB-72FE6EC437BB}.Debug|x64.ActiveCfg = Debug|Any CPU
		{03549DDB-020E-4053-9DCB-72FE6EC437BB}.Debug|x64.Build.0 = Debug|Any CPU
		{03549DDB-020E-4053-9DCB-72FE6EC437BB}.Debug|x86.ActiveCfg = Debug|Any CPU
		{03549DDB-020E-4053-9DCB-72FE6EC437BB}.Debug|x86.Build.0 = Debug|Any CPU
		{03549DDB-020E-4053-9DCB-72FE6EC437BB}.Release|Any CPU.ActiveCfg = Release|Any CPU
		{03549DDB-020E-4053-9DCB-72FE6EC437BB}.Release|Any CPU.Build.0 = Release|Any CPU
		{03549DDB-020E-4053-9DCB-72FE6EC437BB}.Release|x64.ActiveCfg = Release|Any CPU
		{03549DDB-020E-4053-9DCB-72FE6EC437BB}.Release|x64.Build.0 = Release|Any CPU
		{03549DDB-020E-4053-9DCB-72FE6EC437BB}.Release|x86.ActiveCfg = Release|Any CPU
		{03549DDB-020E-4053-9DCB-72FE6EC437BB}.Release|x86.Build.0 = Release|Any CPU
		{6C9084DD-A056-4189-9DAC-668F5763EDF7}.Debug|Any CPU.ActiveCfg = Debug|Any CPU
		{6C9084DD-A056-4189-9DAC-668F5763EDF7}.Debug|Any CPU.Build.0 = Debug|Any CPU
		{6C9084DD-A056-4189-9DAC-668F5763EDF7}.Debug|x64.ActiveCfg = Debug|Any CPU
		{6C9084DD-A056-4189-9DAC-668F5763EDF7}.Debug|x64.Build.0 = Debug|Any CPU
		{6C9084DD-A056-4189-9DAC-668F5763EDF7}.Debug|x86.ActiveCfg = Debug|Any CPU
		{6C9084DD-A056-4189-9DAC-668F5763EDF7}.Debug|x86.Build.0 = Debug|Any CPU
		{6C9084DD-A056-4189-9DAC-668F5763EDF7}.Release|Any CPU.ActiveCfg = Release|Any CPU
		{6C9084DD-A056-4189-9DAC-668F5763EDF7}.Release|Any CPU.Build.0 = Release|Any CPU
		{6C9084DD-A056-4189-9DAC-668F5763EDF7}.Release|x64.ActiveCfg = Release|Any CPU
		{6C9084DD-A056-4189-9DAC-668F5763EDF7}.Release|x64.Build.0 = Release|Any CPU
		{6C9084DD-A056-4189-9DAC-668F5763EDF7}.Release|x86.ActiveCfg = Release|Any CPU
		{6C9084DD-A056-4189-9DAC-668F5763EDF7}.Release|x86.Build.0 = Release|Any CPU
		{0272D461-2EC2-4F4C-AD0B-A65FD0A7F83C}.Debug|Any CPU.ActiveCfg = Debug|Any CPU
		{0272D461-2EC2-4F4C-AD0B-A65FD0A7F83C}.Debug|Any CPU.Build.0 = Debug|Any CPU
		{0272D461-2EC2-4F4C-AD0B-A65FD0A7F83C}.Debug|x64.ActiveCfg = Debug|Any CPU
		{0272D461-2EC2-4F4C-AD0B-A65FD0A7F83C}.Debug|x64.Build.0 = Debug|Any CPU
		{0272D461-2EC2-4F4C-AD0B-A65FD0A7F83C}.Debug|x86.ActiveCfg = Debug|Any CPU
		{0272D461-2EC2-4F4C-AD0B-A65FD0A7F83C}.Debug|x86.Build.0 = Debug|Any CPU
		{0272D461-2EC2-4F4C-AD0B-A65FD0A7F83C}.Release|Any CPU.ActiveCfg = Release|Any CPU
		{0272D461-2EC2-4F4C-AD0B-A65FD0A7F83C}.Release|Any CPU.Build.0 = Release|Any CPU
		{0272D461-2EC2-4F4C-AD0B-A65FD0A7F83C}.Release|x64.ActiveCfg = Release|Any CPU
		{0272D461-2EC2-4F4C-AD0B-A65FD0A7F83C}.Release|x64.Build.0 = Release|Any CPU
		{0272D461-2EC2-4F4C-AD0B-A65FD0A7F83C}.Release|x86.ActiveCfg = Release|Any CPU
		{0272D461-2EC2-4F4C-AD0B-A65FD0A7F83C}.Release|x86.Build.0 = Release|Any CPU
		{85A6D755-7EF7-477E-BF93-2F340F53C486}.Debug|Any CPU.ActiveCfg = Debug|Any CPU
		{85A6D755-7EF7-477E-BF93-2F340F53C486}.Debug|Any CPU.Build.0 = Debug|Any CPU
		{85A6D755-7EF7-477E-BF93-2F340F53C486}.Debug|x64.ActiveCfg = Debug|Any CPU
		{85A6D755-7EF7-477E-BF93-2F340F53C486}.Debug|x64.Build.0 = Debug|Any CPU
		{85A6D755-7EF7-477E-BF93-2F340F53C486}.Debug|x86.ActiveCfg = Debug|Any CPU
		{85A6D755-7EF7-477E-BF93-2F340F53C486}.Debug|x86.Build.0 = Debug|Any CPU
		{85A6D755-7EF7-477E-BF93-2F340F53C486}.Release|Any CPU.ActiveCfg = Release|Any CPU
		{85A6D755-7EF7-477E-BF93-2F340F53C486}.Release|Any CPU.Build.0 = Release|Any CPU
		{85A6D755-7EF7-477E-BF93-2F340F53C486}.Release|x64.ActiveCfg = Release|Any CPU
		{85A6D755-7EF7-477E-BF93-2F340F53C486}.Release|x64.Build.0 = Release|Any CPU
		{85A6D755-7EF7-477E-BF93-2F340F53C486}.Release|x86.ActiveCfg = Release|Any CPU
		{85A6D755-7EF7-477E-BF93-2F340F53C486}.Release|x86.Build.0 = Release|Any CPU
	EndGlobalSection
EndGlobal
